// !$*UTF8*$!
{
	archiveVersion = 1;
	classes = {
	};
	objectVersion = 50;
	objects = {

/* Begin PBXBuildFile section */
		80820C0D257924D8001614C6 /* AppDelegate.swift in Sources */ = {isa = PBXBuildFile; fileRef = 80820C0C257924D8001614C6 /* AppDelegate.swift */; };
		80820C14257924D8001614C6 /* Main.storyboard in Resources */ = {isa = PBXBuildFile; fileRef = 80820C12257924D8001614C6 /* Main.storyboard */; };
		80820C16257924D9001614C6 /* Assets.xcassets in Resources */ = {isa = PBXBuildFile; fileRef = 80820C15257924D9001614C6 /* Assets.xcassets */; };
		80820C19257924D9001614C6 /* LaunchScreen.storyboard in Resources */ = {isa = PBXBuildFile; fileRef = 80820C17257924D9001614C6 /* LaunchScreen.storyboard */; };
		80820C24257924D9001614C6 /* DouYuZBTests.swift in Sources */ = {isa = PBXBuildFile; fileRef = 80820C23257924D9001614C6 /* DouYuZBTests.swift */; };
		80820C2F257924D9001614C6 /* DouYuZBUITests.swift in Sources */ = {isa = PBXBuildFile; fileRef = 80820C2E257924D9001614C6 /* DouYuZBUITests.swift */; };
		80820C7025792EE1001614C6 /* Launch_Douyu.png in Resources */ = {isa = PBXBuildFile; fileRef = 80820C6F25792EE1001614C6 /* Launch_Douyu.png */; };
		80F8D511257DAA1B00FC89EF /* Home.storyboard in Resources */ = {isa = PBXBuildFile; fileRef = 80F8D510257DAA1B00FC89EF /* Home.storyboard */; };
		80F8D516257DAA5E00FC89EF /* Live.storyboard in Resources */ = {isa = PBXBuildFile; fileRef = 80F8D515257DAA5E00FC89EF /* Live.storyboard */; };
		80F8D51F257DAAA600FC89EF /* Follow.storyboard in Resources */ = {isa = PBXBuildFile; fileRef = 80F8D51D257DAAA600FC89EF /* Follow.storyboard */; };
		80F8D524257DAACB00FC89EF /* Profile.storyboard in Resources */ = {isa = PBXBuildFile; fileRef = 80F8D523257DAACB00FC89EF /* Profile.storyboard */; };
		80F8D52F257DADA600FC89EF /* HomeViewController.swift in Sources */ = {isa = PBXBuildFile; fileRef = 80F8D52E257DADA600FC89EF /* HomeViewController.swift */; };
/* End PBXBuildFile section */

/* Begin PBXContainerItemProxy section */
		80820C20257924D9001614C6 /* PBXContainerItemProxy */ = {
			isa = PBXContainerItemProxy;
			containerPortal = 80820C01257924D8001614C6 /* Project object */;
			proxyType = 1;
			remoteGlobalIDString = 80820C08257924D8001614C6;
			remoteInfo = DouYuZB;
		};
		80820C2B257924D9001614C6 /* PBXContainerItemProxy */ = {
			isa = PBXContainerItemProxy;
			containerPortal = 80820C01257924D8001614C6 /* Project object */;
			proxyType = 1;
			remoteGlobalIDString = 80820C08257924D8001614C6;
			remoteInfo = DouYuZB;
		};
/* End PBXContainerItemProxy section */

/* Begin PBXFileReference section */
		80820C09257924D8001614C6 /* DouYuZB.app */ = {isa = PBXFileReference; explicitFileType = wrapper.application; includeInIndex = 0; path = DouYuZB.app; sourceTree = BUILT_PRODUCTS_DIR; };
		80820C0C257924D8001614C6 /* AppDelegate.swift */ = {isa = PBXFileReference; lastKnownFileType = sourcecode.swift; path = AppDelegate.swift; sourceTree = "<group>"; };
		80820C13257924D8001614C6 /* Base */ = {isa = PBXFileReference; lastKnownFileType = file.storyboard; name = Base; path = Base.lproj/Main.storyboard; sourceTree = "<group>"; };
		80820C15257924D9001614C6 /* Assets.xcassets */ = {isa = PBXFileReference; lastKnownFileType = folder.assetcatalog; path = Assets.xcassets; sourceTree = "<group>"; };
		80820C18257924D9001614C6 /* Base */ = {isa = PBXFileReference; lastKnownFileType = file.storyboard; name = Base; path = Base.lproj/LaunchScreen.storyboard; sourceTree = "<group>"; };
		80820C1A257924D9001614C6 /* Info.plist */ = {isa = PBXFileReference; lastKnownFileType = text.plist.xml; path = Info.plist; sourceTree = "<group>"; };
		80820C1F257924D9001614C6 /* DouYuZBTests.xctest */ = {isa = PBXFileReference; explicitFileType = wrapper.cfbundle; includeInIndex = 0; path = DouYuZBTests.xctest; sourceTree = BUILT_PRODUCTS_DIR; };
		80820C23257924D9001614C6 /* DouYuZBTests.swift */ = {isa = PBXFileReference; lastKnownFileType = sourcecode.swift; path = DouYuZBTests.swift; sourceTree = "<group>"; };
		80820C25257924D9001614C6 /* Info.plist */ = {isa = PBXFileReference; lastKnownFileType = text.plist.xml; path = Info.plist; sourceTree = "<group>"; };
		80820C2A257924D9001614C6 /* DouYuZBUITests.xctest */ = {isa = PBXFileReference; explicitFileType = wrapper.cfbundle; includeInIndex = 0; path = DouYuZBUITests.xctest; sourceTree = BUILT_PRODUCTS_DIR; };
		80820C2E257924D9001614C6 /* DouYuZBUITests.swift */ = {isa = PBXFileReference; lastKnownFileType = sourcecode.swift; path = DouYuZBUITests.swift; sourceTree = "<group>"; };
		80820C30257924D9001614C6 /* Info.plist */ = {isa = PBXFileReference; lastKnownFileType = text.plist.xml; path = Info.plist; sourceTree = "<group>"; };
		80820C6F25792EE1001614C6 /* Launch_Douyu.png */ = {isa = PBXFileReference; lastKnownFileType = image.png; path = Launch_Douyu.png; sourceTree = "<group>"; };
		80F8D510257DAA1B00FC89EF /* Home.storyboard */ = {isa = PBXFileReference; fileEncoding = 4; lastKnownFileType = file.storyboard; path = Home.storyboard; sourceTree = "<group>"; };
		80F8D515257DAA5E00FC89EF /* Live.storyboard */ = {isa = PBXFileReference; fileEncoding = 4; lastKnownFileType = file.storyboard; path = Live.storyboard; sourceTree = "<group>"; };
		80F8D51E257DAAA600FC89EF /* Base */ = {isa = PBXFileReference; lastKnownFileType = file.storyboard; name = Base; path = DouYuZB/Classes/Main/Base.lproj/Follow.storyboard; sourceTree = "<group>"; };
		80F8D523257DAACB00FC89EF /* Profile.storyboard */ = {isa = PBXFileReference; fileEncoding = 4; lastKnownFileType = file.storyboard; path = Profile.storyboard; sourceTree = "<group>"; };
		80F8D52E257DADA600FC89EF /* HomeViewController.swift */ = {isa = PBXFileReference; lastKnownFileType = sourcecode.swift; path = HomeViewController.swift; sourceTree = "<group>"; };
/* End PBXFileReference section */

/* Begin PBXFrameworksBuildPhase section */
		80820C06257924D8001614C6 /* Frameworks */ = {
			isa = PBXFrameworksBuildPhase;
			buildActionMask = 2147483647;
			files = (
			);
			runOnlyForDeploymentPostprocessing = 0;
		};
		80820C1C257924D9001614C6 /* Frameworks */ = {
			isa = PBXFrameworksBuildPhase;
			buildActionMask = 2147483647;
			files = (
			);
			runOnlyForDeploymentPostprocessing = 0;
		};
		80820C27257924D9001614C6 /* Frameworks */ = {
			isa = PBXFrameworksBuildPhase;
			buildActionMask = 2147483647;
			files = (
			);
			runOnlyForDeploymentPostprocessing = 0;
		};
/* End PBXFrameworksBuildPhase section */

/* Begin PBXGroup section */
		80820C00257924D8001614C6 = {
			isa = PBXGroup;
			children = (
				80820C0B257924D8001614C6 /* DouYuZB */,
				80820C22257924D9001614C6 /* DouYuZBTests */,
				80820C2D257924D9001614C6 /* DouYuZBUITests */,
				80820C0A257924D8001614C6 /* Products */,
			);
			sourceTree = "<group>";
		};
		80820C0A257924D8001614C6 /* Products */ = {
			isa = PBXGroup;
			children = (
				80820C09257924D8001614C6 /* DouYuZB.app */,
				80820C1F257924D9001614C6 /* DouYuZBTests.xctest */,
				80820C2A257924D9001614C6 /* DouYuZBUITests.xctest */,
			);
			name = Products;
			sourceTree = "<group>";
		};
		80820C0B257924D8001614C6 /* DouYuZB */ = {
			isa = PBXGroup;
			children = (
				80820C7A25792FE8001614C6 /* Classes */,
				80820C0C257924D8001614C6 /* AppDelegate.swift */,
				80820C15257924D9001614C6 /* Assets.xcassets */,
				80820C17257924D9001614C6 /* LaunchScreen.storyboard */,
				80820C6F25792EE1001614C6 /* Launch_Douyu.png */,
				80820C1A257924D9001614C6 /* Info.plist */,
			);
			path = DouYuZB;
			sourceTree = "<group>";
		};
		80820C22257924D9001614C6 /* DouYuZBTests */ = {
			isa = PBXGroup;
			children = (
				80820C23257924D9001614C6 /* DouYuZBTests.swift */,
				80820C25257924D9001614C6 /* Info.plist */,
			);
			path = DouYuZBTests;
			sourceTree = "<group>";
		};
		80820C2D257924D9001614C6 /* DouYuZBUITests */ = {
			isa = PBXGroup;
			children = (
				80820C2E257924D9001614C6 /* DouYuZBUITests.swift */,
				80820C30257924D9001614C6 /* Info.plist */,
			);
			path = DouYuZBUITests;
			sourceTree = "<group>";
		};
		80820C7A25792FE8001614C6 /* Classes */ = {
			isa = PBXGroup;
			children = (
				80820C7E25792FE8001614C6 /* Main */,
				80820C7B25792FE8001614C6 /* Home */,
				80F8D50C257DA63000FC89EF /* Tools */,
				80F8D50B257DA59A00FC89EF /* Follow */,
				80820C7C25792FE8001614C6 /* Profile */,
				80820C7D25792FE8001614C6 /* Live */,
			);
			path = Classes;
			sourceTree = "<group>";
		};
		80820C7B25792FE8001614C6 /* Home */ = {
			isa = PBXGroup;
			children = (
				80F8D510257DAA1B00FC89EF /* Home.storyboard */,
				80F8D52E257DADA600FC89EF /* HomeViewController.swift */,
			);
			path = Home;
			sourceTree = "<group>";
		};
		80820C7C25792FE8001614C6 /* Profile */ = {
			isa = PBXGroup;
			children = (
				80F8D523257DAACB00FC89EF /* Profile.storyboard */,
			);
			path = Profile;
			sourceTree = "<group>";
		};
		80820C7D25792FE8001614C6 /* Live */ = {
			isa = PBXGroup;
			children = (
				80F8D515257DAA5E00FC89EF /* Live.storyboard */,
			);
			path = Live;
			sourceTree = "<group>";
		};
		80820C7E25792FE8001614C6 /* Main */ = {
			isa = PBXGroup;
			children = (
				80820C12257924D8001614C6 /* Main.storyboard */,
			);
			path = Main;
			sourceTree = "<group>";
		};
		80F8D50B257DA59A00FC89EF /* Follow */ = {
			isa = PBXGroup;
			children = (
				80F8D51D257DAAA600FC89EF /* Follow.storyboard */,
			);
			path = Follow;
			sourceTree = "<group>";
		};
		80F8D50C257DA63000FC89EF /* Tools */ = {
			isa = PBXGroup;
			children = (
			);
			path = Tools;
			sourceTree = "<group>";
		};
/* End PBXGroup section */

/* Begin PBXNativeTarget section */
		80820C08257924D8001614C6 /* DouYuZB */ = {
			isa = PBXNativeTarget;
			buildConfigurationList = 80820C33257924D9001614C6 /* Build configuration list for PBXNativeTarget "DouYuZB" */;
			buildPhases = (
				80820C05257924D8001614C6 /* Sources */,
				80820C06257924D8001614C6 /* Frameworks */,
				80820C07257924D8001614C6 /* Resources */,
			);
			buildRules = (
			);
			dependencies = (
			);
			name = DouYuZB;
			productName = DouYuZB;
			productReference = 80820C09257924D8001614C6 /* DouYuZB.app */;
			productType = "com.apple.product-type.application";
		};
		80820C1E257924D9001614C6 /* DouYuZBTests */ = {
			isa = PBXNativeTarget;
			buildConfigurationList = 80820C36257924D9001614C6 /* Build configuration list for PBXNativeTarget "DouYuZBTests" */;
			buildPhases = (
				80820C1B257924D9001614C6 /* Sources */,
				80820C1C257924D9001614C6 /* Frameworks */,
				80820C1D257924D9001614C6 /* Resources */,
			);
			buildRules = (
			);
			dependencies = (
				80820C21257924D9001614C6 /* PBXTargetDependency */,
			);
			name = DouYuZBTests;
			productName = DouYuZBTests;
			productReference = 80820C1F257924D9001614C6 /* DouYuZBTests.xctest */;
			productType = "com.apple.product-type.bundle.unit-test";
		};
		80820C29257924D9001614C6 /* DouYuZBUITests */ = {
			isa = PBXNativeTarget;
			buildConfigurationList = 80820C39257924D9001614C6 /* Build configuration list for PBXNativeTarget "DouYuZBUITests" */;
			buildPhases = (
				80820C26257924D9001614C6 /* Sources */,
				80820C27257924D9001614C6 /* Frameworks */,
				80820C28257924D9001614C6 /* Resources */,
			);
			buildRules = (
			);
			dependencies = (
				80820C2C257924D9001614C6 /* PBXTargetDependency */,
			);
			name = DouYuZBUITests;
			productName = DouYuZBUITests;
			productReference = 80820C2A257924D9001614C6 /* DouYuZBUITests.xctest */;
			productType = "com.apple.product-type.bundle.ui-testing";
		};
/* End PBXNativeTarget section */

/* Begin PBXProject section */
		80820C01257924D8001614C6 /* Project object */ = {
			isa = PBXProject;
			attributes = {
				LastSwiftUpdateCheck = 1220;
				LastUpgradeCheck = 1220;
				TargetAttributes = {
					80820C08257924D8001614C6 = {
						CreatedOnToolsVersion = 12.2;
					};
					80820C1E257924D9001614C6 = {
						CreatedOnToolsVersion = 12.2;
						TestTargetID = 80820C08257924D8001614C6;
					};
					80820C29257924D9001614C6 = {
						CreatedOnToolsVersion = 12.2;
						TestTargetID = 80820C08257924D8001614C6;
					};
				};
			};
			buildConfigurationList = 80820C04257924D8001614C6 /* Build configuration list for PBXProject "DouYuZB" */;
			compatibilityVersion = "Xcode 9.3";
			developmentRegion = en;
			hasScannedForEncodings = 0;
			knownRegions = (
				en,
				Base,
			);
			mainGroup = 80820C00257924D8001614C6;
			productRefGroup = 80820C0A257924D8001614C6 /* Products */;
			projectDirPath = "";
			projectRoot = "";
			targets = (
				80820C08257924D8001614C6 /* DouYuZB */,
				80820C1E257924D9001614C6 /* DouYuZBTests */,
				80820C29257924D9001614C6 /* DouYuZBUITests */,
			);
		};
/* End PBXProject section */

/* Begin PBXResourcesBuildPhase section */
		80820C07257924D8001614C6 /* Resources */ = {
			isa = PBXResourcesBuildPhase;
			buildActionMask = 2147483647;
			files = (
				80820C19257924D9001614C6 /* LaunchScreen.storyboard in Resources */,
				80F8D511257DAA1B00FC89EF /* Home.storyboard in Resources */,
				80F8D524257DAACB00FC89EF /* Profile.storyboard in Resources */,
				80F8D516257DAA5E00FC89EF /* Live.storyboard in Resources */,
				80820C16257924D9001614C6 /* Assets.xcassets in Resources */,
				80F8D51F257DAAA600FC89EF /* Follow.storyboard in Resources */,
				80820C14257924D8001614C6 /* Main.storyboard in Resources */,
				80820C7025792EE1001614C6 /* Launch_Douyu.png in Resources */,
			);
			runOnlyForDeploymentPostprocessing = 0;
		};
		80820C1D257924D9001614C6 /* Resources */ = {
			isa = PBXResourcesBuildPhase;
			buildActionMask = 2147483647;
			files = (
			);
			runOnlyForDeploymentPostprocessing = 0;
		};
		80820C28257924D9001614C6 /* Resources */ = {
			isa = PBXResourcesBuildPhase;
			buildActionMask = 2147483647;
			files = (
			);
			runOnlyForDeploymentPostprocessing = 0;
		};
/* End PBXResourcesBuildPhase section */

/* Begin PBXSourcesBuildPhase section */
		80820C05257924D8001614C6 /* Sources */ = {
			isa = PBXSourcesBuildPhase;
			buildActionMask = 2147483647;
			files = (
				80820C0D257924D8001614C6 /* AppDelegate.swift in Sources */,
				80F8D52F257DADA600FC89EF /* HomeViewController.swift in Sources */,
			);
			runOnlyForDeploymentPostprocessing = 0;
		};
		80820C1B257924D9001614C6 /* Sources */ = {
			isa = PBXSourcesBuildPhase;
			buildActionMask = 2147483647;
			files = (
				80820C24257924D9001614C6 /* DouYuZBTests.swift in Sources */,
			);
			runOnlyForDeploymentPostprocessing = 0;
		};
		80820C26257924D9001614C6 /* Sources */ = {
			isa = PBXSourcesBuildPhase;
			buildActionMask = 2147483647;
			files = (
				80820C2F257924D9001614C6 /* DouYuZBUITests.swift in Sources */,
			);
			runOnlyForDeploymentPostprocessing = 0;
		};
/* End PBXSourcesBuildPhase section */

/* Begin PBXTargetDependency section */
		80820C21257924D9001614C6 /* PBXTargetDependency */ = {
			isa = PBXTargetDependency;
			target = 80820C08257924D8001614C6 /* DouYuZB */;
			targetProxy = 80820C20257924D9001614C6 /* PBXContainerItemProxy */;
		};
		80820C2C257924D9001614C6 /* PBXTargetDependency */ = {
			isa = PBXTargetDependency;
			target = 80820C08257924D8001614C6 /* DouYuZB */;
			targetProxy = 80820C2B257924D9001614C6 /* PBXContainerItemProxy */;
		};
/* End PBXTargetDependency section */

/* Begin PBXVariantGroup section */
		80820C12257924D8001614C6 /* Main.storyboard */ = {
			isa = PBXVariantGroup;
			children = (
				80820C13257924D8001614C6 /* Base */,
			);
			name = Main.storyboard;
			sourceTree = "<group>";
		};
		80820C17257924D9001614C6 /* LaunchScreen.storyboard */ = {
			isa = PBXVariantGroup;
			children = (
				80820C18257924D9001614C6 /* Base */,
			);
			name = LaunchScreen.storyboard;
			sourceTree = "<group>";
		};
		80F8D51D257DAAA600FC89EF /* Follow.storyboard */ = {
			isa = PBXVariantGroup;
			children = (
				80F8D51E257DAAA600FC89EF /* Base */,
			);
			name = Follow.storyboard;
			sourceTree = "<group>";
		};
/* End PBXVariantGroup section */

/* Begin XCBuildConfiguration section */
		80820C31257924D9001614C6 /* Debug */ = {
			isa = XCBuildConfiguration;
			buildSettings = {
				ALWAYS_SEARCH_USER_PATHS = NO;
				CLANG_ANALYZER_NONNULL = YES;
				CLANG_ANALYZER_NUMBER_OBJECT_CONVERSION = YES_AGGRESSIVE;
				CLANG_CXX_LANGUAGE_STANDARD = "gnu++14";
				CLANG_CXX_LIBRARY = "libc++";
				CLANG_ENABLE_MODULES = YES;
				CLANG_ENABLE_OBJC_ARC = YES;
				CLANG_ENABLE_OBJC_WEAK = YES;
				CLANG_WARN_BLOCK_CAPTURE_AUTORELEASING = YES;
				CLANG_WARN_BOOL_CONVERSION = YES;
				CLANG_WARN_COMMA = YES;
				CLANG_WARN_CONSTANT_CONVERSION = YES;
				CLANG_WARN_DEPRECATED_OBJC_IMPLEMENTATIONS = YES;
				CLANG_WARN_DIRECT_OBJC_ISA_USAGE = YES_ERROR;
				CLANG_WARN_DOCUMENTATION_COMMENTS = YES;
				CLANG_WARN_EMPTY_BODY = YES;
				CLANG_WARN_ENUM_CONVERSION = YES;
				CLANG_WARN_INFINITE_RECURSION = YES;
				CLANG_WARN_INT_CONVERSION = YES;
				CLANG_WARN_NON_LITERAL_NULL_CONVERSION = YES;
				CLANG_WARN_OBJC_IMPLICIT_RETAIN_SELF = YES;
				CLANG_WARN_OBJC_LITERAL_CONVERSION = YES;
				CLANG_WARN_OBJC_ROOT_CLASS = YES_ERROR;
				CLANG_WARN_QUOTED_INCLUDE_IN_FRAMEWORK_HEADER = YES;
				CLANG_WARN_RANGE_LOOP_ANALYSIS = YES;
				CLANG_WARN_STRICT_PROTOTYPES = YES;
				CLANG_WARN_SUSPICIOUS_MOVE = YES;
				CLANG_WARN_UNGUARDED_AVAILABILITY = YES_AGGRESSIVE;
				CLANG_WARN_UNREACHABLE_CODE = YES;
				CLANG_WARN__DUPLICATE_METHOD_MATCH = YES;
				COPY_PHASE_STRIP = NO;
				DEBUG_INFORMATION_FORMAT = dwarf;
				ENABLE_STRICT_OBJC_MSGSEND = YES;
				ENABLE_TESTABILITY = YES;
				GCC_C_LANGUAGE_STANDARD = gnu11;
				GCC_DYNAMIC_NO_PIC = NO;
				GCC_NO_COMMON_BLOCKS = YES;
				GCC_OPTIMIZATION_LEVEL = 0;
				GCC_PREPROCESSOR_DEFINITIONS = (
					"DEBUG=1",
					"$(inherited)",
				);
				GCC_WARN_64_TO_32_BIT_CONVERSION = YES;
				GCC_WARN_ABOUT_RETURN_TYPE = YES_ERROR;
				GCC_WARN_UNDECLARED_SELECTOR = YES;
				GCC_WARN_UNINITIALIZED_AUTOS = YES_AGGRESSIVE;
				GCC_WARN_UNUSED_FUNCTION = YES;
				GCC_WARN_UNUSED_VARIABLE = YES;
				IPHONEOS_DEPLOYMENT_TARGET = 14.2;
				MTL_ENABLE_DEBUG_INFO = INCLUDE_SOURCE;
				MTL_FAST_MATH = YES;
				ONLY_ACTIVE_ARCH = YES;
				SDKROOT = iphoneos;
				SWIFT_ACTIVE_COMPILATION_CONDITIONS = DEBUG;
				SWIFT_OPTIMIZATION_LEVEL = "-Onone";
			};
			name = Debug;
		};
		80820C32257924D9001614C6 /* Release */ = {
			isa = XCBuildConfiguration;
			buildSettings = {
				ALWAYS_SEARCH_USER_PATHS = NO;
				CLANG_ANALYZER_NONNULL = YES;
				CLANG_ANALYZER_NUMBER_OBJECT_CONVERSION = YES_AGGRESSIVE;
				CLANG_CXX_LANGUAGE_STANDARD = "gnu++14";
				CLANG_CXX_LIBRARY = "libc++";
				CLANG_ENABLE_MODULES = YES;
				CLANG_ENABLE_OBJC_ARC = YES;
				CLANG_ENABLE_OBJC_WEAK = YES;
				CLANG_WARN_BLOCK_CAPTURE_AUTORELEASING = YES;
				CLANG_WARN_BOOL_CONVERSION = YES;
				CLANG_WARN_COMMA = YES;
				CLANG_WARN_CONSTANT_CONVERSION = YES;
				CLANG_WARN_DEPRECATED_OBJC_IMPLEMENTATIONS = YES;
				CLANG_WARN_DIRECT_OBJC_ISA_USAGE = YES_ERROR;
				CLANG_WARN_DOCUMENTATION_COMMENTS = YES;
				CLANG_WARN_EMPTY_BODY = YES;
				CLANG_WARN_ENUM_CONVERSION = YES;
				CLANG_WARN_INFINITE_RECURSION = YES;
				CLANG_WARN_INT_CONVERSION = YES;
				CLANG_WARN_NON_LITERAL_NULL_CONVERSION = YES;
				CLANG_WARN_OBJC_IMPLICIT_RETAIN_SELF = YES;
				CLANG_WARN_OBJC_LITERAL_CONVERSION = YES;
				CLANG_WARN_OBJC_ROOT_CLASS = YES_ERROR;
				CLANG_WARN_QUOTED_INCLUDE_IN_FRAMEWORK_HEADER = YES;
				CLANG_WARN_RANGE_LOOP_ANALYSIS = YES;
				CLANG_WARN_STRICT_PROTOTYPES = YES;
				CLANG_WARN_SUSPICIOUS_MOVE = YES;
				CLANG_WARN_UNGUARDED_AVAILABILITY = YES_AGGRESSIVE;
				CLANG_WARN_UNREACHABLE_CODE = YES;
				CLANG_WARN__DUPLICATE_METHOD_MATCH = YES;
				COPY_PHASE_STRIP = NO;
				DEBUG_INFORMATION_FORMAT = "dwarf-with-dsym";
				ENABLE_NS_ASSERTIONS = NO;
				ENABLE_STRICT_OBJC_MSGSEND = YES;
				GCC_C_LANGUAGE_STANDARD = gnu11;
				GCC_NO_COMMON_BLOCKS = YES;
				GCC_WARN_64_TO_32_BIT_CONVERSION = YES;
				GCC_WARN_ABOUT_RETURN_TYPE = YES_ERROR;
				GCC_WARN_UNDECLARED_SELECTOR = YES;
				GCC_WARN_UNINITIALIZED_AUTOS = YES_AGGRESSIVE;
				GCC_WARN_UNUSED_FUNCTION = YES;
				GCC_WARN_UNUSED_VARIABLE = YES;
				IPHONEOS_DEPLOYMENT_TARGET = 14.2;
				MTL_ENABLE_DEBUG_INFO = NO;
				MTL_FAST_MATH = YES;
				SDKROOT = iphoneos;
				SWIFT_COMPILATION_MODE = wholemodule;
				SWIFT_OPTIMIZATION_LEVEL = "-O";
				VALIDATE_PRODUCT = YES;
			};
			name = Release;
		};
		80820C34257924D9001614C6 /* Debug */ = {
			isa = XCBuildConfiguration;
			buildSettings = {
				ASSETCATALOG_COMPILER_APPICON_NAME = AppIcon;
				ASSETCATALOG_COMPILER_GLOBAL_ACCENT_COLOR_NAME = AccentColor;
				CODE_SIGN_STYLE = Automatic;
				DEVELOPMENT_TEAM = XQVUUQKUKA;
				INFOPLIST_FILE = DouYuZB/Info.plist;
				IPHONEOS_DEPLOYMENT_TARGET = 10.0;
				LD_RUNPATH_SEARCH_PATHS = (
					"$(inherited)",
					"@executable_path/Frameworks",
				);
				PRODUCT_BUNDLE_IDENTIFIER = com.camelfu.DouYuZB;
				PRODUCT_NAME = "$(TARGET_NAME)";
				SWIFT_VERSION = 5.0;
				TARGETED_DEVICE_FAMILY = 1;
			};
			name = Debug;
		};
		80820C35257924D9001614C6 /* Release */ = {
			isa = XCBuildConfiguration;
			buildSettings = {
				ASSETCATALOG_COMPILER_APPICON_NAME = AppIcon;
				ASSETCATALOG_COMPILER_GLOBAL_ACCENT_COLOR_NAME = AccentColor;
				CODE_SIGN_STYLE = Automatic;
				DEVELOPMENT_TEAM = XQVUUQKUKA;
				INFOPLIST_FILE = DouYuZB/Info.plist;
				IPHONEOS_DEPLOYMENT_TARGET = 10.0;
				LD_RUNPATH_SEARCH_PATHS = (
					"$(inherited)",
					"@executable_path/Frameworks",
				);
				PRODUCT_BUNDLE_IDENTIFIER = com.camelfu.DouYuZB;
				PRODUCT_NAME = "$(TARGET_NAME)";
				SWIFT_VERSION = 5.0;
				TARGETED_DEVICE_FAMILY = 1;
			};
			name = Release;
		};
		80820C37257924D9001614C6 /* Debug */ = {
			isa = XCBuildConfiguration;
			buildSettings = {
				ALWAYS_EMBED_SWIFT_STANDARD_LIBRARIES = YES;
				BUNDLE_LOADER = "$(TEST_HOST)";
				CODE_SIGN_STYLE = Automatic;
				INFOPLIST_FILE = DouYuZBTests/Info.plist;
				IPHONEOS_DEPLOYMENT_TARGET = 14.2;
				LD_RUNPATH_SEARCH_PATHS = (
					"$(inherited)",
					"@executable_path/Frameworks",
					"@loader_path/Frameworks",
				);
				PRODUCT_BUNDLE_IDENTIFIER = com.camelfu.DouYuZBTests;
				PRODUCT_NAME = "$(TARGET_NAME)";
				SWIFT_VERSION = 5.0;
				TARGETED_DEVICE_FAMILY = "1,2";
				TEST_HOST = "$(BUILT_PRODUCTS_DIR)/DouYuZB.app/DouYuZB";
			};
			name = Debug;
		};
		80820C38257924D9001614C6 /* Release */ = {
			isa = XCBuildConfiguration;
			buildSettings = {
				ALWAYS_EMBED_SWIFT_STANDARD_LIBRARIES = YES;
				BUNDLE_LOADER = "$(TEST_HOST)";
				CODE_SIGN_STYLE = Automatic;
				INFOPLIST_FILE = DouYuZBTests/Info.plist;
				IPHONEOS_DEPLOYMENT_TARGET = 14.2;
				LD_RUNPATH_SEARCH_PATHS = (
					"$(inherited)",
					"@executable_path/Frameworks",
					"@loader_path/Frameworks",
				);
				PRODUCT_BUNDLE_IDENTIFIER = com.camelfu.DouYuZBTests;
				PRODUCT_NAME = "$(TARGET_NAME)";
				SWIFT_VERSION = 5.0;
				TARGETED_DEVICE_FAMILY = "1,2";
				TEST_HOST = "$(BUILT_PRODUCTS_DIR)/DouYuZB.app/DouYuZB";
			};
			name = Release;
		};
		80820C3A257924D9001614C6 /* Debug */ = {
			isa = XCBuildConfiguration;
			buildSettings = {
				ALWAYS_EMBED_SWIFT_STANDARD_LIBRARIES = YES;
				CODE_SIGN_STYLE = Automatic;
				INFOPLIST_FILE = DouYuZBUITests/Info.plist;
				LD_RUNPATH_SEARCH_PATHS = (
					"$(inherited)",
					"@executable_path/Frameworks",
					"@loader_path/Frameworks",
				);
				PRODUCT_BUNDLE_IDENTIFIER = com.camelfu.DouYuZBUITests;
				PRODUCT_NAME = "$(TARGET_NAME)";
				SWIFT_VERSION = 5.0;
				TARGETED_DEVICE_FAMILY = "1,2";
				TEST_TARGET_NAME = DouYuZB;
			};
			name = Debug;
		};
		80820C3B257924D9001614C6 /* Release */ = {
			isa = XCBuildConfiguration;
			buildSettings = {
				ALWAYS_EMBED_SWIFT_STANDARD_LIBRARIES = YES;
				CODE_SIGN_STYLE = Automatic;
				INFOPLIST_FILE = DouYuZBUITests/Info.plist;
				LD_RUNPATH_SEARCH_PATHS = (
					"$(inherited)",
					"@executable_path/Frameworks",
					"@loader_path/Frameworks",
				);
				PRODUCT_BUNDLE_IDENTIFIER = com.camelfu.DouYuZBUITests;
				PRODUCT_NAME = "$(TARGET_NAME)";
				SWIFT_VERSION = 5.0;
				TARGETED_DEVICE_FAMILY = "1,2";
				TEST_TARGET_NAME = DouYuZB;
			};
			name = Release;
		};
/* End XCBuildConfiguration section */

/* Begin XCConfigurationList section */
		80820C04257924D8001614C6 /* Build configuration list for PBXProject "DouYuZB" */ = {
			isa = XCConfigurationList;
			buildConfigurations = (
				80820C31257924D9001614C6 /* Debug */,
				80820C32257924D9001614C6 /* Release */,
			);
			defaultConfigurationIsVisible = 0;
			defaultConfigurationName = Release;
		};
		80820C33257924D9001614C6 /* Build configuration list for PBXNativeTarget "DouYuZB" */ = {
			isa = XCConfigurationList;
			buildConfigurations = (
				80820C34257924D9001614C6 /* Debug */,
				80820C35257924D9001614C6 /* Release */,
			);
			defaultConfigurationIsVisible = 0;
			defaultConfigurationName = Release;
		};
		80820C36257924D9001614C6 /* Build configuration list for PBXNativeTarget "DouYuZBTests" */ = {
			isa = XCConfigurationList;
			buildConfigurations = (
				80820C37257924D9001614C6 /* Debug */,
				80820C38257924D9001614C6 /* Release */,
			);
			defaultConfigurationIsVisible = 0;
			defaultConfigurationName = Release;
		};
		80820C39257924D9001614C6 /* Build configuration list for PBXNativeTarget "DouYuZBUITests" */ = {
			isa = XCConfigurationList;
			buildConfigurations = (
				80820C3A257924D9001614C6 /* Debug */,
				80820C3B257924D9001614C6 /* Release */,
			);
			defaultConfigurationIsVisible = 0;
			defaultConfigurationName = Release;
		};
/* End XCConfigurationList section */
	};
	rootObject = 80820C01257924D8001614C6 /* Project object */;
}
